
Microsoft Visual Studio Solution File, Format Version 12.00
# Visual Studio Version 17
VisualStudioVersion = 17.11.35327.3
MinimumVisualStudioVersion = 10.0.40219.1
Project("{FAE04EC0-301F-11D3-BF4B-00C04F79EFBC}") = "WPF Applicaton", "WPF Applicaton\WPF Applicaton.csproj", "{8C34DE6D-6AF6-43B5-B78E-687F76D48520}"
EndProject
Global
	GlobalSection(SolutionConfigurationPlatforms) = preSolution
		Debug|Any CPU = Debug|Any CPU
		Release|Any CPU = Release|Any CPU
	EndGlobalSection
	GlobalSection(ProjectConfigurationPlatforms) = postSolution
		{8C34DE6D-6AF6-43B5-B78E-687F76D48520}.Debug|Any CPU.ActiveCfg = Debug|Any CPU
		{8C34DE6D-6AF6-43B5-B78E-687F76D48520}.Debug|Any CPU.Build.0 = Debug|Any CPU
		{8C34DE6D-6AF6-43B5-B78E-687F76D48520}.Release|Any CPU.ActiveCfg = Release|Any CPU
		{8C34DE6D-6AF6-43B5-B78E-687F76D48520}.Release|Any CPU.Build.0 = Release|Any CPU
	EndGlobalSection
	GlobalSection(SolutionProperties) = preSolution
		HideSolutionNode = FALSE
	EndGlobalSection
	GlobalSection(ExtensibilityGlobals) = postSolution
		SolutionGuid = {5EE85570-47B2-4589-B7CD-1E8290A16BAC}
	EndGlobalSection
EndGlobal
