
Microsoft Visual Studio Solution File, Format Version 12.00
# Visual Studio Version 17
VisualStudioVersion = 17.11.35327.3
MinimumVisualStudioVersion = 10.0.40219.1
Project("{FAE04EC0-301F-11D3-BF4B-00C04F79EFBC}") = "Bmi", "Bmi\Bmi.csproj", "{BB82B4B1-7386-4982-A85E-7C33705FC304}"
EndProject
Global
	GlobalSection(SolutionConfigurationPlatforms) = preSolution
		Debug|Any CPU = Debug|Any CPU
		Release|Any CPU = Release|Any CPU
	EndGlobalSection
	GlobalSection(ProjectConfigurationPlatforms) = postSolution
		{BB82B4B1-7386-4982-A85E-7C33705FC304}.Debug|Any CPU.ActiveCfg = Debug|Any CPU
		{BB82B4B1-7386-4982-A85E-7C33705FC304}.Debug|Any CPU.Build.0 = Debug|Any CPU
		{BB82B4B1-7386-4982-A85E-7C33705FC304}.Release|Any CPU.ActiveCfg = Release|Any CPU
		{BB82B4B1-7386-4982-A85E-7C33705FC304}.Release|Any CPU.Build.0 = Release|Any CPU
	EndGlobalSection
	GlobalSection(SolutionProperties) = preSolution
		HideSolutionNode = FALSE
	EndGlobalSection
	GlobalSection(ExtensibilityGlobals) = postSolution
		SolutionGuid = {412D6E90-7F09-4C9D-A0B7-DB6B38BBCF11}
	EndGlobalSection
EndGlobal
