
Microsoft Visual Studio Solution File, Format Version 12.00
# Visual Studio Version 17
VisualStudioVersion = 17.11.35327.3
MinimumVisualStudioVersion = 10.0.40219.1
Project("{FAE04EC0-301F-11D3-BF4B-00C04F79EFBC}") = "Export Daily Log Report", "Export Daily Log Report\Export Daily Log Report.csproj", "{0347946D-6784-42B4-A9D7-9603E0281310}"
EndProject
Global
	GlobalSection(SolutionConfigurationPlatforms) = preSolution
		Debug|Any CPU = Debug|Any CPU
		Release|Any CPU = Release|Any CPU
	EndGlobalSection
	GlobalSection(ProjectConfigurationPlatforms) = postSolution
		{0347946D-6784-42B4-A9D7-9603E0281310}.Debug|Any CPU.ActiveCfg = Debug|Any CPU
		{0347946D-6784-42B4-A9D7-9603E0281310}.Debug|Any CPU.Build.0 = Debug|Any CPU
		{0347946D-6784-42B4-A9D7-9603E0281310}.Release|Any CPU.ActiveCfg = Release|Any CPU
		{0347946D-6784-42B4-A9D7-9603E0281310}.Release|Any CPU.Build.0 = Release|Any CPU
	EndGlobalSection
	GlobalSection(SolutionProperties) = preSolution
		HideSolutionNode = FALSE
	EndGlobalSection
	GlobalSection(ExtensibilityGlobals) = postSolution
		SolutionGuid = {D765019E-4C5A-41F1-8EFD-12886F2F00B6}
	EndGlobalSection
EndGlobal
