
Microsoft Visual Studio Solution File, Format Version 12.00
# Visual Studio Version 17
VisualStudioVersion = 17.11.35327.3
MinimumVisualStudioVersion = 10.0.40219.1
Project("{FAE04EC0-301F-11D3-BF4B-00C04F79EFBC}") = "Static_ip", "Static_ip\Static_ip.csproj", "{9A24C4EB-6AD1-4257-BDDE-962EB6FBC77D}"
EndProject
Global
	GlobalSection(SolutionConfigurationPlatforms) = preSolution
		Debug|Any CPU = Debug|Any CPU
		Release|Any CPU = Release|Any CPU
	EndGlobalSection
	GlobalSection(ProjectConfigurationPlatforms) = postSolution
		{9A24C4EB-6AD1-4257-BDDE-962EB6FBC77D}.Debug|Any CPU.ActiveCfg = Debug|Any CPU
		{9A24C4EB-6AD1-4257-BDDE-962EB6FBC77D}.Debug|Any CPU.Build.0 = Debug|Any CPU
		{9A24C4EB-6AD1-4257-BDDE-962EB6FBC77D}.Release|Any CPU.ActiveCfg = Release|Any CPU
		{9A24C4EB-6AD1-4257-BDDE-962EB6FBC77D}.Release|Any CPU.Build.0 = Release|Any CPU
	EndGlobalSection
	GlobalSection(SolutionProperties) = preSolution
		HideSolutionNode = FALSE
	EndGlobalSection
	GlobalSection(ExtensibilityGlobals) = postSolution
		SolutionGuid = {80D0AC62-E283-4FB7-8D7D-B529A278711B}
	EndGlobalSection
EndGlobal
