
Microsoft Visual Studio Solution File, Format Version 12.00
# Visual Studio Version 17
VisualStudioVersion = 17.11.35327.3
MinimumVisualStudioVersion = 10.0.40219.1
Project("{FAE04EC0-301F-11D3-BF4B-00C04F79EFBC}") = "ResearchNETWORK", "ResearchNETWORK\ResearchNETWORK.csproj", "{1E92A442-B079-4968-8A7F-D91C37649797}"
EndProject
Global
	GlobalSection(SolutionConfigurationPlatforms) = preSolution
		Debug|Any CPU = Debug|Any CPU
		Release|Any CPU = Release|Any CPU
	EndGlobalSection
	GlobalSection(ProjectConfigurationPlatforms) = postSolution
		{1E92A442-B079-4968-8A7F-D91C37649797}.Debug|Any CPU.ActiveCfg = Debug|Any CPU
		{1E92A442-B079-4968-8A7F-D91C37649797}.Debug|Any CPU.Build.0 = Debug|Any CPU
		{1E92A442-B079-4968-8A7F-D91C37649797}.Release|Any CPU.ActiveCfg = Release|Any CPU
		{1E92A442-B079-4968-8A7F-D91C37649797}.Release|Any CPU.Build.0 = Release|Any CPU
	EndGlobalSection
	GlobalSection(SolutionProperties) = preSolution
		HideSolutionNode = FALSE
	EndGlobalSection
	GlobalSection(ExtensibilityGlobals) = postSolution
		SolutionGuid = {5465DE14-9A73-4010-89D7-DEB8413D8325}
	EndGlobalSection
EndGlobal
